
Microsoft Visual Studio Solution File, Format Version 12.00
# Visual Studio Version 17
VisualStudioVersion = 17.9.34622.214
MinimumVisualStudioVersion = 10.0.40219.1
Project("{9A19103F-16F7-4668-BE54-9A1E7A4F7556}") = "1012-areaCalculation", "1012-AreaCalculaion\1012-areaCalculation.csproj", "{0BDED038-F81A-4100-B121-8BB5B849008D}"
EndProject
Project("{9A19103F-16F7-4668-BE54-9A1E7A4F7556}") = "1013-greatestValue", "1013-greatestValue\1013-greatestValue.csproj", "{D16EA662-2CDF-48F8-A7D7-3EC0B65EAFA8}"
EndProject
Project("{9A19103F-16F7-4668-BE54-9A1E7A4F7556}") = "1014-distanceFuelCalculation", "1014-distanceFuelCalculation\1014-distanceFuelCalculation.csproj", "{9023C71F-F1AF-4963-9300-3EAC6A50E546}"
EndProject
Project("{9A19103F-16F7-4668-BE54-9A1E7A4F7556}") = "1002-areaOfCircle", "1002-areaCalculation\1002-areaOfCircle.csproj", "{FE218612-452F-4D01-B6A1-76CFAB0B8BC3}"
EndProject
Project("{9A19103F-16F7-4668-BE54-9A1E7A4F7556}") = "1004-simpleProduct", "1004-simpleProduct\1004-simpleProduct.csproj", "{ECFFE924-C0EA-4DAB-8168-936D1304560D}"
EndProject
Project("{9A19103F-16F7-4668-BE54-9A1E7A4F7556}") = "1005-average1", "1005-average1\1005-average1.csproj", "{CF236EAA-A2DE-41C7-BB49-314236950831}"
EndProject
Project("{9A19103F-16F7-4668-BE54-9A1E7A4F7556}") = "1006-average2", "1006-average2\1006-average2.csproj", "{B2305A41-30BB-4C3C-8460-D53F8D5B97BF}"
EndProject
Project("{9A19103F-16F7-4668-BE54-9A1E7A4F7556}") = "1007-difference", "1007-difference\1007-difference.csproj", "{3ECB1D63-2D13-4800-828B-6AAA62F3B425}"
EndProject
Project("{9A19103F-16F7-4668-BE54-9A1E7A4F7556}") = "1008-salary", "1008-salary\1008-salary.csproj", "{427E768A-B659-4DB3-BE4B-66ECA2BDEC3C}"
EndProject
Project("{9A19103F-16F7-4668-BE54-9A1E7A4F7556}") = "1009-salaryWithBonus", "1009-salaryWithBonus\1009-salaryWithBonus.csproj", "{8781A98F-930D-478C-9397-1C7552AD2B63}"
EndProject
Project("{9A19103F-16F7-4668-BE54-9A1E7A4F7556}") = "1010-simpleCalculate", "1010-simpleCalculate\1010-simpleCalculate.csproj", "{2624BC2A-72B2-4DFB-B787-D1808175A917}"
EndProject
Project("{9A19103F-16F7-4668-BE54-9A1E7A4F7556}") = "1011-sphere", "1011-sphere\1011-sphere.csproj", "{BC7B8A3F-2772-4C4A-AF4C-15A58E3B0FD9}"
EndProject
Project("{9A19103F-16F7-4668-BE54-9A1E7A4F7556}") = "1003-simpleSum", "1003-simpleSum\1003-simpleSum.csproj", "{97B64539-5437-492C-9F36-A2A91B801FD9}"
EndProject
Project("{9A19103F-16F7-4668-BE54-9A1E7A4F7556}") = "1001-extremelyBasic", "1001-extremelyBasic\1001-extremelyBasic.csproj", "{E56C406A-6584-4A71-B03B-D03CBA53E9FB}"
EndProject
Project("{9A19103F-16F7-4668-BE54-9A1E7A4F7556}") = "1016-distance", "1016-distance\1016-distance.csproj", "{FAAC3EAF-A104-4F6F-AE78-A8FA1BAF4507}"
EndProject
Project("{9A19103F-16F7-4668-BE54-9A1E7A4F7556}") = "1017-fuelSpent", "1017-fuelSpent\1017-fuelSpent.csproj", "{0F43E3AF-9A60-4B26-9D78-38F7EC4BEAEF}"
EndProject
Project("{9A19103F-16F7-4668-BE54-9A1E7A4F7556}") = "1018-bankNotes", "1018-bankNotes\1018-bankNotes.csproj", "{E1324D6D-4028-470E-970A-27DB9C876E81}"
EndProject
Project("{9A19103F-16F7-4668-BE54-9A1E7A4F7556}") = "1019-timeConversion", "1019-timeConversion\1019-timeConversion.csproj", "{BDA15C85-BADF-4AAB-B516-0B0E20DA05B9}"
EndProject
Project("{9A19103F-16F7-4668-BE54-9A1E7A4F7556}") = "1020-ageIndays", "1020-ageIndays\1020-ageIndays.csproj", "{7D45E585-8689-4102-9099-117063D4CFDD}"
EndProject
Project("{9A19103F-16F7-4668-BE54-9A1E7A4F7556}") = "1021-bankNotesAndCoins", "1021-bankNotesAndCoins\1021-bankNotesAndCoins.csproj", "{85054B63-F561-4043-86ED-C3CEE1CEA9CC}"
EndProject
Project("{9A19103F-16F7-4668-BE54-9A1E7A4F7556}") = "1035-selectionTest-1", "1035-selectionTest-1\1035-selectionTest-1.csproj", "{7A0909F0-EBA5-48D6-9854-34EA27E02BE9}"
EndProject
Project("{9A19103F-16F7-4668-BE54-9A1E7A4F7556}") = "1038-snack", "1038-snack\1038-snack.csproj", "{A97FAF2A-9774-46AE-AFFE-6069DCBA131A}"
EndProject
Project("{9A19103F-16F7-4668-BE54-9A1E7A4F7556}") = "1040-average3", "1040-average3\1040-average3.csproj", "{C68EAE42-35A3-489F-906C-EB2594AA38E7}"
EndProject
Project("{9A19103F-16F7-4668-BE54-9A1E7A4F7556}") = "1036-bhaskarasFormula", "1036-bhaskarasFormula\1036-bhaskarasFormula.csproj", "{04905141-7F18-4AC1-A395-8AA71214826C}"
EndProject
Project("{9A19103F-16F7-4668-BE54-9A1E7A4F7556}") = "1037-interval", "1037-interval\1037-interval.csproj", "{33B9DCB8-C242-4426-9852-D481F0967FF2}"
EndProject
Project("{9A19103F-16F7-4668-BE54-9A1E7A4F7556}") = "1041-coordinatesOfPoints", "1041-coordinatesOfPoints\1041-coordinatesOfPoints.csproj", "{DAB3C9E8-E5A5-468C-9863-EE7113B64681}"
EndProject
Project("{9A19103F-16F7-4668-BE54-9A1E7A4F7556}") = "1042-simpleSort", "1042-simpleSort\1042-simpleSort.csproj", "{FFA1518E-ECE8-4330-B56C-119E873EBBFA}"
EndProject
Project("{9A19103F-16F7-4668-BE54-9A1E7A4F7556}") = "1043-triangle", "1043-triangle\1043-triangle.csproj", "{9F55D89E-681D-4262-BB3A-8884A25DF2DA}"
EndProject
Project("{9A19103F-16F7-4668-BE54-9A1E7A4F7556}") = "1044-multiples", "1044-multiples\1044-multiples.csproj", "{193A2036-29BE-4038-AD65-73B68AD20D70}"
EndProject
Project("{9A19103F-16F7-4668-BE54-9A1E7A4F7556}") = "1045-trianglesTypes", "1045-trianglesTypes\1045-trianglesTypes.csproj", "{550E173D-2BEA-497D-8F6E-4CB13A793EEC}"
EndProject
Project("{9A19103F-16F7-4668-BE54-9A1E7A4F7556}") = "1046-gameTime", "1046-gameTime\1046-gameTime.csproj", "{C1F1D61B-EC38-4ABD-BE94-6A4536108F21}"
EndProject
Project("{9A19103F-16F7-4668-BE54-9A1E7A4F7556}") = "1047-gameTimeWithMinutes", "1047-gameTimeWithMinutes\1047-gameTimeWithMinutes.csproj", "{26998842-E502-4063-9DFB-106F7F8DEE33}"
EndProject
Project("{9A19103F-16F7-4668-BE54-9A1E7A4F7556}") = "1048-salaryIncrease", "1048-salaryIncrease\1048-salaryIncrease.csproj", "{1E366E2A-ED41-4D3F-8CA4-C01E08AA097E}"
EndProject
Project("{9A19103F-16F7-4668-BE54-9A1E7A4F7556}") = "1049-animal", "1049-animal\1049-animal.csproj", "{E20B6072-8383-4AD7-85EA-F0D979C02F7B}"
EndProject
Project("{9A19103F-16F7-4668-BE54-9A1E7A4F7556}") = "1050-DDD", "1050-DDD\1050-DDD.csproj", "{C88C7289-3A8A-4F57-A50D-EBD4BD3DDEE5}"
EndProject
Project("{9A19103F-16F7-4668-BE54-9A1E7A4F7556}") = "1051-taxes", "1051-taxes\1051-taxes.csproj", "{2ACE1281-99A6-4F6F-800B-CBE3BCF2DF39}"
EndProject
Project("{9A19103F-16F7-4668-BE54-9A1E7A4F7556}") = "1052-month", "1052-month\1052-month.csproj", "{C3EFD1EC-C3E6-4DAA-B30E-4C4CDECC3A2C}"
EndProject
Project("{9A19103F-16F7-4668-BE54-9A1E7A4F7556}") = "1059-evenNumbers", "1059-evenNumbers\1059-evenNumbers.csproj", "{AEB0C430-E479-4CFE-8B4D-F54C19E6742C}"
EndProject
Project("{9A19103F-16F7-4668-BE54-9A1E7A4F7556}") = "1060-positiveNumber", "1060-positiveNumber\1060-positiveNumber.csproj", "{7772321E-DAC1-44EE-B8CE-1851453DF397}"
EndProject
Project("{9A19103F-16F7-4668-BE54-9A1E7A4F7556}") = "1061-eventTime", "1061-eventTime\1061-eventTime.csproj", "{95B98B0F-F29F-4B55-AD5A-C1825E473C2C}"
EndProject
Project("{9A19103F-16F7-4668-BE54-9A1E7A4F7556}") = "1064-positivesAndAverage", "1064-positivesAndAverage\1064-positivesAndAverage.csproj", "{3FC45815-ACAE-46CF-B979-2C2EA6A4FACD}"
EndProject
Project("{9A19103F-16F7-4668-BE54-9A1E7A4F7556}") = "1065-evenBetweenFiveNumbers", "1065-evenBetweenFiveNumbers\1065-evenBetweenFiveNumbers.csproj", "{118B1AB8-E722-4580-AC25-1CBD00E64739}"
EndProject
Project("{9A19103F-16F7-4668-BE54-9A1E7A4F7556}") = "1066-evenOddPositiveNegative", "1066-evenOddPositiveNegative\1066-evenOddPositiveNegative.csproj", "{8C807FB3-CE52-4870-8385-862DB9CD1F5A}"
EndProject
Project("{9A19103F-16F7-4668-BE54-9A1E7A4F7556}") = "1067-oddNumber", "1067-oddNumber\1067-oddNumber.csproj", "{830DA36A-F3DC-40E1-A23E-BDAABE5F57F8}"
EndProject
Project("{9A19103F-16F7-4668-BE54-9A1E7A4F7556}") = "1070-sixOddNumbers", "1070-sixOddNumbers\1070-sixOddNumbers.csproj", "{86DCB020-F89B-4F58-BE22-76A4C482A291}"
EndProject
Project("{9A19103F-16F7-4668-BE54-9A1E7A4F7556}") = "1071-sumOfConsecutiveOddNos-1", "1071-sumOfConsecutiveOddNos-1\1071-sumOfConsecutiveOddNos-1.csproj", "{97F8CC2F-6F6A-4D84-BBB3-2BCAF2A55239}"
EndProject
Project("{9A19103F-16F7-4668-BE54-9A1E7A4F7556}") = "1072-interval-2", "1072-interval-2\1072-interval-2.csproj", "{CA58484A-92BF-42D1-B823-86954688E000}"
EndProject
Project("{9A19103F-16F7-4668-BE54-9A1E7A4F7556}") = "1073-evenSquare", "1073-evenSquare\1073-evenSquare.csproj", "{D02B2DB0-B059-4F43-B5B7-90804DD224A0}"
EndProject
Project("{9A19103F-16F7-4668-BE54-9A1E7A4F7556}") = "1075-Remaining 2", "1075-nDivision\1075-Remaining 2.csproj", "{558ACE1A-DCA8-4941-A964-4C437D57219A}"
EndProject
Project("{9A19103F-16F7-4668-BE54-9A1E7A4F7556}") = "1078-multiplicationTable", "1078-multiplicationTable\1078-multiplicationTable.csproj", "{34B2AA50-1D8A-4A6D-BA32-20AAACF0ECAE}"
EndProject
Project("{9A19103F-16F7-4668-BE54-9A1E7A4F7556}") = "1079-weightedAverages", "1079-\1079-weightedAverages.csproj", "{2FA0F7C4-3E96-43BC-805C-DF217069B6BF}"
EndProject
Project("{9A19103F-16F7-4668-BE54-9A1E7A4F7556}") = "1080-highestAndPosition", "1080-\1080-highestAndPosition.csproj", "{A6419367-3F07-492A-9814-7D40C8F032A1}"
EndProject
Project("{9A19103F-16F7-4668-BE54-9A1E7A4F7556}") = "1094-experiments", "1094-\1094-experiments.csproj", "{A2BF2625-6DFC-41E9-A73C-57AE6FF1330A}"
EndProject
Project("{9A19103F-16F7-4668-BE54-9A1E7A4F7556}") = "1095-sequenceIJ 1", "1095-\1095-sequenceIJ 1.csproj", "{6BF08B91-D1D9-4330-AB37-2F1252C4AA0F}"
EndProject
Project("{9A19103F-16F7-4668-BE54-9A1E7A4F7556}") = "1099-sumOfConsecutiveOddNumbersII", "1099-sumOfConsecutiveOddNumbersII\1099-sumOfConsecutiveOddNumbersII.csproj", "{5F68E18D-1D9E-4FAC-86DB-5DA42CA18A94}"
EndProject
Project("{9A19103F-16F7-4668-BE54-9A1E7A4F7556}") = "1101-sequenceOfNumbersAndSum", "1101-sequenceOfNumbersAndSum\1101-sequenceOfNumbersAndSum.csproj", "{9A883D71-9EE2-4646-A6AA-826F16F6E9F4}"
EndProject
Project("{9A19103F-16F7-4668-BE54-9A1E7A4F7556}") = "1096-sequenceIJ 2", "1096-sequenceIJ 2\1096-sequenceIJ 2.csproj", "{9C025AA7-9A32-46C0-B775-BE58ACD1DE5A}"
EndProject
Project("{9A19103F-16F7-4668-BE54-9A1E7A4F7556}") = "1097-sequenceIJ 3", "1097-sequenceIJ 3\1097-sequenceIJ 3.csproj", "{CC45F2EC-D87A-44E8-BBBC-9A29CAFDFDD7}"
EndProject
Project("{9A19103F-16F7-4668-BE54-9A1E7A4F7556}") = "1098-sequenceIJ 4", "1098-sequenceIJ 4\1098-sequenceIJ 4.csproj", "{1D041DA0-692F-4C13-BF2C-17A68F02ED17}"
EndProject
Project("{9A19103F-16F7-4668-BE54-9A1E7A4F7556}") = "1113-ascendingAndDescending", "1013-ascendingAndDescending\1113-ascendingAndDescending.csproj", "{83AFE6CF-0069-44B8-BDFE-57CA4911A482}"
EndProject
Project("{9A19103F-16F7-4668-BE54-9A1E7A4F7556}") = "1074-evenAndOdd", "1074-evenAndOdd\1074-evenAndOdd.csproj", "{9525732D-9009-4059-A2AD-2BC0FBE1733B}"
EndProject
Project("{9A19103F-16F7-4668-BE54-9A1E7A4F7556}") = "1114-fixedPassword", "1114-fixedPassword\1114-fixedPassword.csproj", "{CA983E4A-5BA7-4A8D-8265-E60218E3C090}"
EndProject
Project("{9A19103F-16F7-4668-BE54-9A1E7A4F7556}") = "1115-quadrant", "1115-quadrant\1115-quadrant.csproj", "{574F1466-A416-4B44-9E7A-C06C279AC209}"
EndProject
Project("{9A19103F-16F7-4668-BE54-9A1E7A4F7556}") = "1116-dividing x by y", "1116-dividing x by y\1116-dividing x by y.csproj", "{0C35063F-0471-461E-9EB3-EF0AF00EEB39}"
EndProject
Project("{9A19103F-16F7-4668-BE54-9A1E7A4F7556}") = "1117-scoreValidation2", "1117-scoreValidation2\1117-scoreValidation2.csproj", "{8C429635-E7AF-4BA3-ABBE-088DC8D8B13D}"
EndProject
Project("{9A19103F-16F7-4668-BE54-9A1E7A4F7556}") = "1118-severalScoreWithValidation", "1118-severalScoreWithValidation\1118-severalScoreWithValidation.csproj", "{D48AD927-30E4-4645-84EF-9A3FF1FCDD81}"
EndProject
Project("{9A19103F-16F7-4668-BE54-9A1E7A4F7556}") = "1131-grenais", "1131-grenais\1131-grenais.csproj", "{286E6347-B876-4B85-8F8D-9C373992C461}"
EndProject
Project("{9A19103F-16F7-4668-BE54-9A1E7A4F7556}") = "1132-multipleOf13", "1132-multipleOf13\1132-multipleOf13.csproj", "{747C04C7-D712-443C-8EA1-F0AFAED2BD36}"
EndProject
Project("{9A19103F-16F7-4668-BE54-9A1E7A4F7556}") = "1133-restOfADivision", "1133-restOfADivision\1133-restOfADivision.csproj", "{16B6420A-E435-4065-B2AB-C8B50CC233B1}"
EndProject
Project("{9A19103F-16F7-4668-BE54-9A1E7A4F7556}") = "1134-typeOfFuel", "1134-typeOfFuel\1134-typeOfFuel.csproj", "{54A741C7-74BC-45CC-9B98-8B5E8E8A5F32}"
EndProject
Project("{9A19103F-16F7-4668-BE54-9A1E7A4F7556}") = "1142-PUM", "1142-PUM\1142-PUM.csproj", "{456960D7-19DC-40B7-83F3-AE72B9C19DC0}"
EndProject
Project("{9A19103F-16F7-4668-BE54-9A1E7A4F7556}") = "1143-squaredAndCubic", "1143-squaredAndCubic\1143-squaredAndCubic.csproj", "{8CFCADE1-2178-47A0-8CB3-A90A4738F9A3}"
EndProject
Project("{9A19103F-16F7-4668-BE54-9A1E7A4F7556}") = "1144-logicalSequence", "1144-logicalSequence\1144-logicalSequence.csproj", "{651AF767-33F9-420A-9341-06704A062737}"
EndProject
Project("{9A19103F-16F7-4668-BE54-9A1E7A4F7556}") = "1145-logicalSequence2", "1145-logicalSequence2\1145-logicalSequence2.csproj", "{504FAF28-D842-4E95-9C9F-60F266CAD1BC}"
EndProject
Project("{9A19103F-16F7-4668-BE54-9A1E7A4F7556}") = "1146-growingSequences", "1146-growingSequences\1146-growingSequences.csproj", "{E445AA9C-BFC2-4B65-9F51-BFE0E3A1B7E3}"
EndProject
Project("{9A19103F-16F7-4668-BE54-9A1E7A4F7556}") = "1149-summingConsecutiveIntegers", "1149-summingConsecutiveIntegers\1149-summingConsecutiveIntegers.csproj", "{30748C23-CF2B-4E05-9D43-1EACD2183FBD}"
EndProject
Project("{9A19103F-16F7-4668-BE54-9A1E7A4F7556}") = "1150-exceedingZ", "1150-exceedingZ\1150-exceedingZ.csproj", "{654E15A7-372E-4A44-B0BE-DDDA10F100C9}"
EndProject
Project("{9A19103F-16F7-4668-BE54-9A1E7A4F7556}") = "1151-easyFibonacci", "1151-easyFibonacci\1151-easyFibonacci.csproj", "{B82FA5E2-8A74-45FC-A2D8-1F9C9BCE1290}"
EndProject
Project("{9A19103F-16F7-4668-BE54-9A1E7A4F7556}") = "1153-simpleFactorial", "1153-simpleFactorial\1153-simpleFactorial.csproj", "{BB3BBAE1-36AC-440B-895B-84F540F22E8C}"
EndProject
Project("{9A19103F-16F7-4668-BE54-9A1E7A4F7556}") = "1154-ages", "1154-ages\1154-ages.csproj", "{280CCC00-3609-44C1-92A9-F1478A0B5034}"
EndProject
Project("{9A19103F-16F7-4668-BE54-9A1E7A4F7556}") = "1155-sSequence", "1155-sSequence\1155-sSequence.csproj", "{FF09B93C-7B9D-4B9A-8C57-70C2E679E6D5}"
EndProject
Project("{9A19103F-16F7-4668-BE54-9A1E7A4F7556}") = "1156-sSequence2", "1156-sSequence2\1156-sSequence2.csproj", "{3C7D1A42-7164-4C8B-B440-A3783278FCB5}"
EndProject
Project("{9A19103F-16F7-4668-BE54-9A1E7A4F7556}") = "1157-divisors1", "1157-divisors1\1157-divisors1.csproj", "{E6380769-D45B-4011-BD93-3085302419B6}"
EndProject
Project("{9A19103F-16F7-4668-BE54-9A1E7A4F7556}") = "1158-Sum of Consecutive Odd Numbers III", "1158-Sum of Consecutive Odd Numbers III\1158-Sum of Consecutive Odd Numbers III.csproj", "{A2BE1C3D-BB93-4BC5-96AE-9A7E593EA33F}"
EndProject
Project("{9A19103F-16F7-4668-BE54-9A1E7A4F7556}") = "1159-Sum of Consecutive Even Numbers", "1159-Sum of Consecutive Even Numbers\1159-Sum of Consecutive Even Numbers.csproj", "{38412EFE-5176-4FBC-A2B5-2401C5E5C3A4}"
EndProject
Project("{9A19103F-16F7-4668-BE54-9A1E7A4F7556}") = "1160-Population Increase", "1160-Population Increase\1160-Population Increase.csproj", "{AEE34A8C-F757-43FD-9444-AD92C62F0F47}"
EndProject
Project("{9A19103F-16F7-4668-BE54-9A1E7A4F7556}") = "1164-perfectNumber", "1164-perfectNumber\1164-perfectNumber.csproj", "{8A6CD762-9747-41E0-A8A5-93DCD65B4280}"
EndProject
Project("{9A19103F-16F7-4668-BE54-9A1E7A4F7556}") = "1165-primeNumber", "1165-primeNumber\1165-primeNumber.csproj", "{6827AF44-AAF4-47DE-9098-1313EDC4F626}"
EndProject
Project("{FAE04EC0-301F-11D3-BF4B-00C04F79EFBC}") = "1172-Array Replacement I", "1172-Array Replacement I\1172-Array Replacement I.csproj", "{435217BA-D5D8-434C-88E3-350731BB2411}"
EndProject
Project("{FAE04EC0-301F-11D3-BF4B-00C04F79EFBC}") = "1173-Array fill I", "1173-Array fill I\1173-Array fill I.csproj", "{DC22EA9C-2CD0-44AF-9D38-C12C5235EA9F}"
EndProject
Project("{FAE04EC0-301F-11D3-BF4B-00C04F79EFBC}") = "1174-Array Selection I", "1174-Array Selection I\1174-Array Selection I.csproj", "{09A18DD1-9BD1-4DB8-93C0-378755518764}"
EndProject
Project("{FAE04EC0-301F-11D3-BF4B-00C04F79EFBC}") = "1175-Array change I", "1175-Array change I\1175-Array change I.csproj", "{6EC1F8B6-0AA2-482B-B006-6AA2DE0EACCE}"
EndProject
Project("{FAE04EC0-301F-11D3-BF4B-00C04F79EFBC}") = "1176-Fibonacci Array", "1176-Fibonacci Array\1176-Fibonacci Array.csproj", "{354727CC-A091-49E8-98F5-0455C979F6B2}"
EndProject
Project("{FAE04EC0-301F-11D3-BF4B-00C04F79EFBC}") = "1177-Array Fill II", "1177-Array Fill II\1177-Array Fill II.csproj", "{111DC790-CEF5-477B-BDFE-A97577AE8B76}"
EndProject
Project("{FAE04EC0-301F-11D3-BF4B-00C04F79EFBC}") = "1178-Array Fill III", "1178-Array Fill III\1178-Array Fill III.csproj", "{9E741D3F-159D-4D08-A5C5-063E081E4444}"
EndProject
Project("{FAE04EC0-301F-11D3-BF4B-00C04F79EFBC}") = "1179-Array Fill IV", "1179-Array Fill IV\1179-Array Fill IV.csproj", "{37FC730B-BA3D-4BF5-B29F-4D5E504D48FA}"
EndProject
Project("{FAE04EC0-301F-11D3-BF4B-00C04F79EFBC}") = "1180-Lowest Number and Position", "1180-Lowest Number and Position\1180-Lowest Number and Position.csproj", "{36600F2B-2C90-4900-8A4D-4FF2AC614407}"
EndProject
Project("{FAE04EC0-301F-11D3-BF4B-00C04F79EFBC}") = "1181-Line in Array", "1181-Line in Array\1181-Line in Array.csproj", "{D7633FF5-744F-48BC-9D39-5AAE3CDB4D0C}"
EndProject
Global
	GlobalSection(SolutionConfigurationPlatforms) = preSolution
		Debug|Any CPU = Debug|Any CPU
		Release|Any CPU = Release|Any CPU
	EndGlobalSection
	GlobalSection(ProjectConfigurationPlatforms) = postSolution
		{0BDED038-F81A-4100-B121-8BB5B849008D}.Debug|Any CPU.ActiveCfg = Debug|Any CPU
		{0BDED038-F81A-4100-B121-8BB5B849008D}.Debug|Any CPU.Build.0 = Debug|Any CPU
		{0BDED038-F81A-4100-B121-8BB5B849008D}.Release|Any CPU.ActiveCfg = Release|Any CPU
		{0BDED038-F81A-4100-B121-8BB5B849008D}.Release|Any CPU.Build.0 = Release|Any CPU
		{D16EA662-2CDF-48F8-A7D7-3EC0B65EAFA8}.Debug|Any CPU.ActiveCfg = Debug|Any CPU
		{D16EA662-2CDF-48F8-A7D7-3EC0B65EAFA8}.Debug|Any CPU.Build.0 = Debug|Any CPU
		{D16EA662-2CDF-48F8-A7D7-3EC0B65EAFA8}.Release|Any CPU.ActiveCfg = Release|Any CPU
		{D16EA662-2CDF-48F8-A7D7-3EC0B65EAFA8}.Release|Any CPU.Build.0 = Release|Any CPU
		{9023C71F-F1AF-4963-9300-3EAC6A50E546}.Debug|Any CPU.ActiveCfg = Debug|Any CPU
		{9023C71F-F1AF-4963-9300-3EAC6A50E546}.Debug|Any CPU.Build.0 = Debug|Any CPU
		{9023C71F-F1AF-4963-9300-3EAC6A50E546}.Release|Any CPU.ActiveCfg = Release|Any CPU
		{9023C71F-F1AF-4963-9300-3EAC6A50E546}.Release|Any CPU.Build.0 = Release|Any CPU
		{FE218612-452F-4D01-B6A1-76CFAB0B8BC3}.Debug|Any CPU.ActiveCfg = Debug|Any CPU
		{FE218612-452F-4D01-B6A1-76CFAB0B8BC3}.Debug|Any CPU.Build.0 = Debug|Any CPU
		{FE218612-452F-4D01-B6A1-76CFAB0B8BC3}.Release|Any CPU.ActiveCfg = Release|Any CPU
		{FE218612-452F-4D01-B6A1-76CFAB0B8BC3}.Release|Any CPU.Build.0 = Release|Any CPU
		{ECFFE924-C0EA-4DAB-8168-936D1304560D}.Debug|Any CPU.ActiveCfg = Debug|Any CPU
		{ECFFE924-C0EA-4DAB-8168-936D1304560D}.Debug|Any CPU.Build.0 = Debug|Any CPU
		{ECFFE924-C0EA-4DAB-8168-936D1304560D}.Release|Any CPU.ActiveCfg = Release|Any CPU
		{ECFFE924-C0EA-4DAB-8168-936D1304560D}.Release|Any CPU.Build.0 = Release|Any CPU
		{CF236EAA-A2DE-41C7-BB49-314236950831}.Debug|Any CPU.ActiveCfg = Debug|Any CPU
		{CF236EAA-A2DE-41C7-BB49-314236950831}.Debug|Any CPU.Build.0 = Debug|Any CPU
		{CF236EAA-A2DE-41C7-BB49-314236950831}.Release|Any CPU.ActiveCfg = Release|Any CPU
		{CF236EAA-A2DE-41C7-BB49-314236950831}.Release|Any CPU.Build.0 = Release|Any CPU
		{B2305A41-30BB-4C3C-8460-D53F8D5B97BF}.Debug|Any CPU.ActiveCfg = Debug|Any CPU
		{B2305A41-30BB-4C3C-8460-D53F8D5B97BF}.Debug|Any CPU.Build.0 = Debug|Any CPU
		{B2305A41-30BB-4C3C-8460-D53F8D5B97BF}.Release|Any CPU.ActiveCfg = Release|Any CPU
		{B2305A41-30BB-4C3C-8460-D53F8D5B97BF}.Release|Any CPU.Build.0 = Release|Any CPU
		{3ECB1D63-2D13-4800-828B-6AAA62F3B425}.Debug|Any CPU.ActiveCfg = Debug|Any CPU
		{3ECB1D63-2D13-4800-828B-6AAA62F3B425}.Debug|Any CPU.Build.0 = Debug|Any CPU
		{3ECB1D63-2D13-4800-828B-6AAA62F3B425}.Release|Any CPU.ActiveCfg = Release|Any CPU
		{3ECB1D63-2D13-4800-828B-6AAA62F3B425}.Release|Any CPU.Build.0 = Release|Any CPU
		{427E768A-B659-4DB3-BE4B-66ECA2BDEC3C}.Debug|Any CPU.ActiveCfg = Debug|Any CPU
		{427E768A-B659-4DB3-BE4B-66ECA2BDEC3C}.Debug|Any CPU.Build.0 = Debug|Any CPU
		{427E768A-B659-4DB3-BE4B-66ECA2BDEC3C}.Release|Any CPU.ActiveCfg = Release|Any CPU
		{427E768A-B659-4DB3-BE4B-66ECA2BDEC3C}.Release|Any CPU.Build.0 = Release|Any CPU
		{8781A98F-930D-478C-9397-1C7552AD2B63}.Debug|Any CPU.ActiveCfg = Debug|Any CPU
		{8781A98F-930D-478C-9397-1C7552AD2B63}.Debug|Any CPU.Build.0 = Debug|Any CPU
		{8781A98F-930D-478C-9397-1C7552AD2B63}.Release|Any CPU.ActiveCfg = Release|Any CPU
		{8781A98F-930D-478C-9397-1C7552AD2B63}.Release|Any CPU.Build.0 = Release|Any CPU
		{2624BC2A-72B2-4DFB-B787-D1808175A917}.Debug|Any CPU.ActiveCfg = Debug|Any CPU
		{2624BC2A-72B2-4DFB-B787-D1808175A917}.Debug|Any CPU.Build.0 = Debug|Any CPU
		{2624BC2A-72B2-4DFB-B787-D1808175A917}.Release|Any CPU.ActiveCfg = Release|Any CPU
		{2624BC2A-72B2-4DFB-B787-D1808175A917}.Release|Any CPU.Build.0 = Release|Any CPU
		{BC7B8A3F-2772-4C4A-AF4C-15A58E3B0FD9}.Debug|Any CPU.ActiveCfg = Debug|Any CPU
		{BC7B8A3F-2772-4C4A-AF4C-15A58E3B0FD9}.Debug|Any CPU.Build.0 = Debug|Any CPU
		{BC7B8A3F-2772-4C4A-AF4C-15A58E3B0FD9}.Release|Any CPU.ActiveCfg = Release|Any CPU
		{BC7B8A3F-2772-4C4A-AF4C-15A58E3B0FD9}.Release|Any CPU.Build.0 = Release|Any CPU
		{97B64539-5437-492C-9F36-A2A91B801FD9}.Debug|Any CPU.ActiveCfg = Debug|Any CPU
		{97B64539-5437-492C-9F36-A2A91B801FD9}.Debug|Any CPU.Build.0 = Debug|Any CPU
		{97B64539-5437-492C-9F36-A2A91B801FD9}.Release|Any CPU.ActiveCfg = Release|Any CPU
		{97B64539-5437-492C-9F36-A2A91B801FD9}.Release|Any CPU.Build.0 = Release|Any CPU
		{E56C406A-6584-4A71-B03B-D03CBA53E9FB}.Debug|Any CPU.ActiveCfg = Debug|Any CPU
		{E56C406A-6584-4A71-B03B-D03CBA53E9FB}.Debug|Any CPU.Build.0 = Debug|Any CPU
		{E56C406A-6584-4A71-B03B-D03CBA53E9FB}.Release|Any CPU.ActiveCfg = Release|Any CPU
		{E56C406A-6584-4A71-B03B-D03CBA53E9FB}.Release|Any CPU.Build.0 = Release|Any CPU
		{FAAC3EAF-A104-4F6F-AE78-A8FA1BAF4507}.Debug|Any CPU.ActiveCfg = Debug|Any CPU
		{FAAC3EAF-A104-4F6F-AE78-A8FA1BAF4507}.Debug|Any CPU.Build.0 = Debug|Any CPU
		{FAAC3EAF-A104-4F6F-AE78-A8FA1BAF4507}.Release|Any CPU.ActiveCfg = Release|Any CPU
		{FAAC3EAF-A104-4F6F-AE78-A8FA1BAF4507}.Release|Any CPU.Build.0 = Release|Any CPU
		{0F43E3AF-9A60-4B26-9D78-38F7EC4BEAEF}.Debug|Any CPU.ActiveCfg = Debug|Any CPU
		{0F43E3AF-9A60-4B26-9D78-38F7EC4BEAEF}.Debug|Any CPU.Build.0 = Debug|Any CPU
		{0F43E3AF-9A60-4B26-9D78-38F7EC4BEAEF}.Release|Any CPU.ActiveCfg = Release|Any CPU
		{0F43E3AF-9A60-4B26-9D78-38F7EC4BEAEF}.Release|Any CPU.Build.0 = Release|Any CPU
		{E1324D6D-4028-470E-970A-27DB9C876E81}.Debug|Any CPU.ActiveCfg = Debug|Any CPU
		{E1324D6D-4028-470E-970A-27DB9C876E81}.Debug|Any CPU.Build.0 = Debug|Any CPU
		{E1324D6D-4028-470E-970A-27DB9C876E81}.Release|Any CPU.ActiveCfg = Release|Any CPU
		{E1324D6D-4028-470E-970A-27DB9C876E81}.Release|Any CPU.Build.0 = Release|Any CPU
		{BDA15C85-BADF-4AAB-B516-0B0E20DA05B9}.Debug|Any CPU.ActiveCfg = Debug|Any CPU
		{BDA15C85-BADF-4AAB-B516-0B0E20DA05B9}.Debug|Any CPU.Build.0 = Debug|Any CPU
		{BDA15C85-BADF-4AAB-B516-0B0E20DA05B9}.Release|Any CPU.ActiveCfg = Release|Any CPU
		{BDA15C85-BADF-4AAB-B516-0B0E20DA05B9}.Release|Any CPU.Build.0 = Release|Any CPU
		{7D45E585-8689-4102-9099-117063D4CFDD}.Debug|Any CPU.ActiveCfg = Debug|Any CPU
		{7D45E585-8689-4102-9099-117063D4CFDD}.Debug|Any CPU.Build.0 = Debug|Any CPU
		{7D45E585-8689-4102-9099-117063D4CFDD}.Release|Any CPU.ActiveCfg = Release|Any CPU
		{7D45E585-8689-4102-9099-117063D4CFDD}.Release|Any CPU.Build.0 = Release|Any CPU
		{85054B63-F561-4043-86ED-C3CEE1CEA9CC}.Debug|Any CPU.ActiveCfg = Debug|Any CPU
		{85054B63-F561-4043-86ED-C3CEE1CEA9CC}.Debug|Any CPU.Build.0 = Debug|Any CPU
		{85054B63-F561-4043-86ED-C3CEE1CEA9CC}.Release|Any CPU.ActiveCfg = Release|Any CPU
		{85054B63-F561-4043-86ED-C3CEE1CEA9CC}.Release|Any CPU.Build.0 = Release|Any CPU
		{7A0909F0-EBA5-48D6-9854-34EA27E02BE9}.Debug|Any CPU.ActiveCfg = Debug|Any CPU
		{7A0909F0-EBA5-48D6-9854-34EA27E02BE9}.Debug|Any CPU.Build.0 = Debug|Any CPU
		{7A0909F0-EBA5-48D6-9854-34EA27E02BE9}.Release|Any CPU.ActiveCfg = Release|Any CPU
		{7A0909F0-EBA5-48D6-9854-34EA27E02BE9}.Release|Any CPU.Build.0 = Release|Any CPU
		{A97FAF2A-9774-46AE-AFFE-6069DCBA131A}.Debug|Any CPU.ActiveCfg = Debug|Any CPU
		{A97FAF2A-9774-46AE-AFFE-6069DCBA131A}.Debug|Any CPU.Build.0 = Debug|Any CPU
		{A97FAF2A-9774-46AE-AFFE-6069DCBA131A}.Release|Any CPU.ActiveCfg = Release|Any CPU
		{A97FAF2A-9774-46AE-AFFE-6069DCBA131A}.Release|Any CPU.Build.0 = Release|Any CPU
		{C68EAE42-35A3-489F-906C-EB2594AA38E7}.Debug|Any CPU.ActiveCfg = Debug|Any CPU
		{C68EAE42-35A3-489F-906C-EB2594AA38E7}.Debug|Any CPU.Build.0 = Debug|Any CPU
		{C68EAE42-35A3-489F-906C-EB2594AA38E7}.Release|Any CPU.ActiveCfg = Release|Any CPU
		{C68EAE42-35A3-489F-906C-EB2594AA38E7}.Release|Any CPU.Build.0 = Release|Any CPU
		{04905141-7F18-4AC1-A395-8AA71214826C}.Debug|Any CPU.ActiveCfg = Debug|Any CPU
		{04905141-7F18-4AC1-A395-8AA71214826C}.Debug|Any CPU.Build.0 = Debug|Any CPU
		{04905141-7F18-4AC1-A395-8AA71214826C}.Release|Any CPU.ActiveCfg = Release|Any CPU
		{04905141-7F18-4AC1-A395-8AA71214826C}.Release|Any CPU.Build.0 = Release|Any CPU
		{33B9DCB8-C242-4426-9852-D481F0967FF2}.Debug|Any CPU.ActiveCfg = Debug|Any CPU
		{33B9DCB8-C242-4426-9852-D481F0967FF2}.Debug|Any CPU.Build.0 = Debug|Any CPU
		{33B9DCB8-C242-4426-9852-D481F0967FF2}.Release|Any CPU.ActiveCfg = Release|Any CPU
		{33B9DCB8-C242-4426-9852-D481F0967FF2}.Release|Any CPU.Build.0 = Release|Any CPU
		{DAB3C9E8-E5A5-468C-9863-EE7113B64681}.Debug|Any CPU.ActiveCfg = Debug|Any CPU
		{DAB3C9E8-E5A5-468C-9863-EE7113B64681}.Debug|Any CPU.Build.0 = Debug|Any CPU
		{DAB3C9E8-E5A5-468C-9863-EE7113B64681}.Release|Any CPU.ActiveCfg = Release|Any CPU
		{DAB3C9E8-E5A5-468C-9863-EE7113B64681}.Release|Any CPU.Build.0 = Release|Any CPU
		{FFA1518E-ECE8-4330-B56C-119E873EBBFA}.Debug|Any CPU.ActiveCfg = Debug|Any CPU
		{FFA1518E-ECE8-4330-B56C-119E873EBBFA}.Debug|Any CPU.Build.0 = Debug|Any CPU
		{FFA1518E-ECE8-4330-B56C-119E873EBBFA}.Release|Any CPU.ActiveCfg = Release|Any CPU
		{FFA1518E-ECE8-4330-B56C-119E873EBBFA}.Release|Any CPU.Build.0 = Release|Any CPU
		{9F55D89E-681D-4262-BB3A-8884A25DF2DA}.Debug|Any CPU.ActiveCfg = Debug|Any CPU
		{9F55D89E-681D-4262-BB3A-8884A25DF2DA}.Debug|Any CPU.Build.0 = Debug|Any CPU
		{9F55D89E-681D-4262-BB3A-8884A25DF2DA}.Release|Any CPU.ActiveCfg = Release|Any CPU
		{9F55D89E-681D-4262-BB3A-8884A25DF2DA}.Release|Any CPU.Build.0 = Release|Any CPU
		{193A2036-29BE-4038-AD65-73B68AD20D70}.Debug|Any CPU.ActiveCfg = Debug|Any CPU
		{193A2036-29BE-4038-AD65-73B68AD20D70}.Debug|Any CPU.Build.0 = Debug|Any CPU
		{193A2036-29BE-4038-AD65-73B68AD20D70}.Release|Any CPU.ActiveCfg = Release|Any CPU
		{193A2036-29BE-4038-AD65-73B68AD20D70}.Release|Any CPU.Build.0 = Release|Any CPU
		{550E173D-2BEA-497D-8F6E-4CB13A793EEC}.Debug|Any CPU.ActiveCfg = Debug|Any CPU
		{550E173D-2BEA-497D-8F6E-4CB13A793EEC}.Debug|Any CPU.Build.0 = Debug|Any CPU
		{550E173D-2BEA-497D-8F6E-4CB13A793EEC}.Release|Any CPU.ActiveCfg = Release|Any CPU
		{550E173D-2BEA-497D-8F6E-4CB13A793EEC}.Release|Any CPU.Build.0 = Release|Any CPU
		{C1F1D61B-EC38-4ABD-BE94-6A4536108F21}.Debug|Any CPU.ActiveCfg = Debug|Any CPU
		{C1F1D61B-EC38-4ABD-BE94-6A4536108F21}.Debug|Any CPU.Build.0 = Debug|Any CPU
		{C1F1D61B-EC38-4ABD-BE94-6A4536108F21}.Release|Any CPU.ActiveCfg = Release|Any CPU
		{C1F1D61B-EC38-4ABD-BE94-6A4536108F21}.Release|Any CPU.Build.0 = Release|Any CPU
		{26998842-E502-4063-9DFB-106F7F8DEE33}.Debug|Any CPU.ActiveCfg = Debug|Any CPU
		{26998842-E502-4063-9DFB-106F7F8DEE33}.Debug|Any CPU.Build.0 = Debug|Any CPU
		{26998842-E502-4063-9DFB-106F7F8DEE33}.Release|Any CPU.ActiveCfg = Release|Any CPU
		{26998842-E502-4063-9DFB-106F7F8DEE33}.Release|Any CPU.Build.0 = Release|Any CPU
		{1E366E2A-ED41-4D3F-8CA4-C01E08AA097E}.Debug|Any CPU.ActiveCfg = Debug|Any CPU
		{1E366E2A-ED41-4D3F-8CA4-C01E08AA097E}.Debug|Any CPU.Build.0 = Debug|Any CPU
		{1E366E2A-ED41-4D3F-8CA4-C01E08AA097E}.Release|Any CPU.ActiveCfg = Release|Any CPU
		{1E366E2A-ED41-4D3F-8CA4-C01E08AA097E}.Release|Any CPU.Build.0 = Release|Any CPU
		{E20B6072-8383-4AD7-85EA-F0D979C02F7B}.Debug|Any CPU.ActiveCfg = Debug|Any CPU
		{E20B6072-8383-4AD7-85EA-F0D979C02F7B}.Debug|Any CPU.Build.0 = Debug|Any CPU
		{E20B6072-8383-4AD7-85EA-F0D979C02F7B}.Release|Any CPU.ActiveCfg = Release|Any CPU
		{E20B6072-8383-4AD7-85EA-F0D979C02F7B}.Release|Any CPU.Build.0 = Release|Any CPU
		{C88C7289-3A8A-4F57-A50D-EBD4BD3DDEE5}.Debug|Any CPU.ActiveCfg = Debug|Any CPU
		{C88C7289-3A8A-4F57-A50D-EBD4BD3DDEE5}.Debug|Any CPU.Build.0 = Debug|Any CPU
		{C88C7289-3A8A-4F57-A50D-EBD4BD3DDEE5}.Release|Any CPU.ActiveCfg = Release|Any CPU
		{C88C7289-3A8A-4F57-A50D-EBD4BD3DDEE5}.Release|Any CPU.Build.0 = Release|Any CPU
		{2ACE1281-99A6-4F6F-800B-CBE3BCF2DF39}.Debug|Any CPU.ActiveCfg = Debug|Any CPU
		{2ACE1281-99A6-4F6F-800B-CBE3BCF2DF39}.Debug|Any CPU.Build.0 = Debug|Any CPU
		{2ACE1281-99A6-4F6F-800B-CBE3BCF2DF39}.Release|Any CPU.ActiveCfg = Release|Any CPU
		{2ACE1281-99A6-4F6F-800B-CBE3BCF2DF39}.Release|Any CPU.Build.0 = Release|Any CPU
		{C3EFD1EC-C3E6-4DAA-B30E-4C4CDECC3A2C}.Debug|Any CPU.ActiveCfg = Debug|Any CPU
		{C3EFD1EC-C3E6-4DAA-B30E-4C4CDECC3A2C}.Debug|Any CPU.Build.0 = Debug|Any CPU
		{C3EFD1EC-C3E6-4DAA-B30E-4C4CDECC3A2C}.Release|Any CPU.ActiveCfg = Release|Any CPU
		{C3EFD1EC-C3E6-4DAA-B30E-4C4CDECC3A2C}.Release|Any CPU.Build.0 = Release|Any CPU
		{AEB0C430-E479-4CFE-8B4D-F54C19E6742C}.Debug|Any CPU.ActiveCfg = Debug|Any CPU
		{AEB0C430-E479-4CFE-8B4D-F54C19E6742C}.Debug|Any CPU.Build.0 = Debug|Any CPU
		{AEB0C430-E479-4CFE-8B4D-F54C19E6742C}.Release|Any CPU.ActiveCfg = Release|Any CPU
		{AEB0C430-E479-4CFE-8B4D-F54C19E6742C}.Release|Any CPU.Build.0 = Release|Any CPU
		{7772321E-DAC1-44EE-B8CE-1851453DF397}.Debug|Any CPU.ActiveCfg = Debug|Any CPU
		{7772321E-DAC1-44EE-B8CE-1851453DF397}.Debug|Any CPU.Build.0 = Debug|Any CPU
		{7772321E-DAC1-44EE-B8CE-1851453DF397}.Release|Any CPU.ActiveCfg = Release|Any CPU
		{7772321E-DAC1-44EE-B8CE-1851453DF397}.Release|Any CPU.Build.0 = Release|Any CPU
		{95B98B0F-F29F-4B55-AD5A-C1825E473C2C}.Debug|Any CPU.ActiveCfg = Debug|Any CPU
		{95B98B0F-F29F-4B55-AD5A-C1825E473C2C}.Debug|Any CPU.Build.0 = Debug|Any CPU
		{95B98B0F-F29F-4B55-AD5A-C1825E473C2C}.Release|Any CPU.ActiveCfg = Release|Any CPU
		{95B98B0F-F29F-4B55-AD5A-C1825E473C2C}.Release|Any CPU.Build.0 = Release|Any CPU
		{3FC45815-ACAE-46CF-B979-2C2EA6A4FACD}.Debug|Any CPU.ActiveCfg = Debug|Any CPU
		{3FC45815-ACAE-46CF-B979-2C2EA6A4FACD}.Debug|Any CPU.Build.0 = Debug|Any CPU
		{3FC45815-ACAE-46CF-B979-2C2EA6A4FACD}.Release|Any CPU.ActiveCfg = Release|Any CPU
		{3FC45815-ACAE-46CF-B979-2C2EA6A4FACD}.Release|Any CPU.Build.0 = Release|Any CPU
		{118B1AB8-E722-4580-AC25-1CBD00E64739}.Debug|Any CPU.ActiveCfg = Debug|Any CPU
		{118B1AB8-E722-4580-AC25-1CBD00E64739}.Debug|Any CPU.Build.0 = Debug|Any CPU
		{118B1AB8-E722-4580-AC25-1CBD00E64739}.Release|Any CPU.ActiveCfg = Release|Any CPU
		{118B1AB8-E722-4580-AC25-1CBD00E64739}.Release|Any CPU.Build.0 = Release|Any CPU
		{8C807FB3-CE52-4870-8385-862DB9CD1F5A}.Debug|Any CPU.ActiveCfg = Debug|Any CPU
		{8C807FB3-CE52-4870-8385-862DB9CD1F5A}.Debug|Any CPU.Build.0 = Debug|Any CPU
		{8C807FB3-CE52-4870-8385-862DB9CD1F5A}.Release|Any CPU.ActiveCfg = Release|Any CPU
		{8C807FB3-CE52-4870-8385-862DB9CD1F5A}.Release|Any CPU.Build.0 = Release|Any CPU
		{830DA36A-F3DC-40E1-A23E-BDAABE5F57F8}.Debug|Any CPU.ActiveCfg = Debug|Any CPU
		{830DA36A-F3DC-40E1-A23E-BDAABE5F57F8}.Debug|Any CPU.Build.0 = Debug|Any CPU
		{830DA36A-F3DC-40E1-A23E-BDAABE5F57F8}.Release|Any CPU.ActiveCfg = Release|Any CPU
		{830DA36A-F3DC-40E1-A23E-BDAABE5F57F8}.Release|Any CPU.Build.0 = Release|Any CPU
		{86DCB020-F89B-4F58-BE22-76A4C482A291}.Debug|Any CPU.ActiveCfg = Debug|Any CPU
		{86DCB020-F89B-4F58-BE22-76A4C482A291}.Debug|Any CPU.Build.0 = Debug|Any CPU
		{86DCB020-F89B-4F58-BE22-76A4C482A291}.Release|Any CPU.ActiveCfg = Release|Any CPU
		{86DCB020-F89B-4F58-BE22-76A4C482A291}.Release|Any CPU.Build.0 = Release|Any CPU
		{97F8CC2F-6F6A-4D84-BBB3-2BCAF2A55239}.Debug|Any CPU.ActiveCfg = Debug|Any CPU
		{97F8CC2F-6F6A-4D84-BBB3-2BCAF2A55239}.Debug|Any CPU.Build.0 = Debug|Any CPU
		{97F8CC2F-6F6A-4D84-BBB3-2BCAF2A55239}.Release|Any CPU.ActiveCfg = Release|Any CPU
		{97F8CC2F-6F6A-4D84-BBB3-2BCAF2A55239}.Release|Any CPU.Build.0 = Release|Any CPU
		{CA58484A-92BF-42D1-B823-86954688E000}.Debug|Any CPU.ActiveCfg = Debug|Any CPU
		{CA58484A-92BF-42D1-B823-86954688E000}.Debug|Any CPU.Build.0 = Debug|Any CPU
		{CA58484A-92BF-42D1-B823-86954688E000}.Release|Any CPU.ActiveCfg = Release|Any CPU
		{CA58484A-92BF-42D1-B823-86954688E000}.Release|Any CPU.Build.0 = Release|Any CPU
		{D02B2DB0-B059-4F43-B5B7-90804DD224A0}.Debug|Any CPU.ActiveCfg = Debug|Any CPU
		{D02B2DB0-B059-4F43-B5B7-90804DD224A0}.Debug|Any CPU.Build.0 = Debug|Any CPU
		{D02B2DB0-B059-4F43-B5B7-90804DD224A0}.Release|Any CPU.ActiveCfg = Release|Any CPU
		{D02B2DB0-B059-4F43-B5B7-90804DD224A0}.Release|Any CPU.Build.0 = Release|Any CPU
		{558ACE1A-DCA8-4941-A964-4C437D57219A}.Debug|Any CPU.ActiveCfg = Debug|Any CPU
		{558ACE1A-DCA8-4941-A964-4C437D57219A}.Debug|Any CPU.Build.0 = Debug|Any CPU
		{558ACE1A-DCA8-4941-A964-4C437D57219A}.Release|Any CPU.ActiveCfg = Release|Any CPU
		{558ACE1A-DCA8-4941-A964-4C437D57219A}.Release|Any CPU.Build.0 = Release|Any CPU
		{34B2AA50-1D8A-4A6D-BA32-20AAACF0ECAE}.Debug|Any CPU.ActiveCfg = Debug|Any CPU
		{34B2AA50-1D8A-4A6D-BA32-20AAACF0ECAE}.Debug|Any CPU.Build.0 = Debug|Any CPU
		{34B2AA50-1D8A-4A6D-BA32-20AAACF0ECAE}.Release|Any CPU.ActiveCfg = Release|Any CPU
		{34B2AA50-1D8A-4A6D-BA32-20AAACF0ECAE}.Release|Any CPU.Build.0 = Release|Any CPU
		{2FA0F7C4-3E96-43BC-805C-DF217069B6BF}.Debug|Any CPU.ActiveCfg = Debug|Any CPU
		{2FA0F7C4-3E96-43BC-805C-DF217069B6BF}.Debug|Any CPU.Build.0 = Debug|Any CPU
		{2FA0F7C4-3E96-43BC-805C-DF217069B6BF}.Release|Any CPU.ActiveCfg = Release|Any CPU
		{2FA0F7C4-3E96-43BC-805C-DF217069B6BF}.Release|Any CPU.Build.0 = Release|Any CPU
		{A6419367-3F07-492A-9814-7D40C8F032A1}.Debug|Any CPU.ActiveCfg = Debug|Any CPU
		{A6419367-3F07-492A-9814-7D40C8F032A1}.Debug|Any CPU.Build.0 = Debug|Any CPU
		{A6419367-3F07-492A-9814-7D40C8F032A1}.Release|Any CPU.ActiveCfg = Release|Any CPU
		{A6419367-3F07-492A-9814-7D40C8F032A1}.Release|Any CPU.Build.0 = Release|Any CPU
		{A2BF2625-6DFC-41E9-A73C-57AE6FF1330A}.Debug|Any CPU.ActiveCfg = Debug|Any CPU
		{A2BF2625-6DFC-41E9-A73C-57AE6FF1330A}.Debug|Any CPU.Build.0 = Debug|Any CPU
		{A2BF2625-6DFC-41E9-A73C-57AE6FF1330A}.Release|Any CPU.ActiveCfg = Release|Any CPU
		{A2BF2625-6DFC-41E9-A73C-57AE6FF1330A}.Release|Any CPU.Build.0 = Release|Any CPU
		{6BF08B91-D1D9-4330-AB37-2F1252C4AA0F}.Debug|Any CPU.ActiveCfg = Debug|Any CPU
		{6BF08B91-D1D9-4330-AB37-2F1252C4AA0F}.Debug|Any CPU.Build.0 = Debug|Any CPU
		{6BF08B91-D1D9-4330-AB37-2F1252C4AA0F}.Release|Any CPU.ActiveCfg = Release|Any CPU
		{6BF08B91-D1D9-4330-AB37-2F1252C4AA0F}.Release|Any CPU.Build.0 = Release|Any CPU
		{5F68E18D-1D9E-4FAC-86DB-5DA42CA18A94}.Debug|Any CPU.ActiveCfg = Debug|Any CPU
		{5F68E18D-1D9E-4FAC-86DB-5DA42CA18A94}.Debug|Any CPU.Build.0 = Debug|Any CPU
		{5F68E18D-1D9E-4FAC-86DB-5DA42CA18A94}.Release|Any CPU.ActiveCfg = Release|Any CPU
		{5F68E18D-1D9E-4FAC-86DB-5DA42CA18A94}.Release|Any CPU.Build.0 = Release|Any CPU
		{9A883D71-9EE2-4646-A6AA-826F16F6E9F4}.Debug|Any CPU.ActiveCfg = Debug|Any CPU
		{9A883D71-9EE2-4646-A6AA-826F16F6E9F4}.Debug|Any CPU.Build.0 = Debug|Any CPU
		{9A883D71-9EE2-4646-A6AA-826F16F6E9F4}.Release|Any CPU.ActiveCfg = Release|Any CPU
		{9A883D71-9EE2-4646-A6AA-826F16F6E9F4}.Release|Any CPU.Build.0 = Release|Any CPU
		{9C025AA7-9A32-46C0-B775-BE58ACD1DE5A}.Debug|Any CPU.ActiveCfg = Debug|Any CPU
		{9C025AA7-9A32-46C0-B775-BE58ACD1DE5A}.Debug|Any CPU.Build.0 = Debug|Any CPU
		{9C025AA7-9A32-46C0-B775-BE58ACD1DE5A}.Release|Any CPU.ActiveCfg = Release|Any CPU
		{9C025AA7-9A32-46C0-B775-BE58ACD1DE5A}.Release|Any CPU.Build.0 = Release|Any CPU
		{CC45F2EC-D87A-44E8-BBBC-9A29CAFDFDD7}.Debug|Any CPU.ActiveCfg = Debug|Any CPU
		{CC45F2EC-D87A-44E8-BBBC-9A29CAFDFDD7}.Debug|Any CPU.Build.0 = Debug|Any CPU
		{CC45F2EC-D87A-44E8-BBBC-9A29CAFDFDD7}.Release|Any CPU.ActiveCfg = Release|Any CPU
		{CC45F2EC-D87A-44E8-BBBC-9A29CAFDFDD7}.Release|Any CPU.Build.0 = Release|Any CPU
		{1D041DA0-692F-4C13-BF2C-17A68F02ED17}.Debug|Any CPU.ActiveCfg = Debug|Any CPU
		{1D041DA0-692F-4C13-BF2C-17A68F02ED17}.Debug|Any CPU.Build.0 = Debug|Any CPU
		{1D041DA0-692F-4C13-BF2C-17A68F02ED17}.Release|Any CPU.ActiveCfg = Release|Any CPU
		{1D041DA0-692F-4C13-BF2C-17A68F02ED17}.Release|Any CPU.Build.0 = Release|Any CPU
		{83AFE6CF-0069-44B8-BDFE-57CA4911A482}.Debug|Any CPU.ActiveCfg = Debug|Any CPU
		{83AFE6CF-0069-44B8-BDFE-57CA4911A482}.Debug|Any CPU.Build.0 = Debug|Any CPU
		{83AFE6CF-0069-44B8-BDFE-57CA4911A482}.Release|Any CPU.ActiveCfg = Release|Any CPU
		{83AFE6CF-0069-44B8-BDFE-57CA4911A482}.Release|Any CPU.Build.0 = Release|Any CPU
		{9525732D-9009-4059-A2AD-2BC0FBE1733B}.Debug|Any CPU.ActiveCfg = Debug|Any CPU
		{9525732D-9009-4059-A2AD-2BC0FBE1733B}.Debug|Any CPU.Build.0 = Debug|Any CPU
		{9525732D-9009-4059-A2AD-2BC0FBE1733B}.Release|Any CPU.ActiveCfg = Release|Any CPU
		{9525732D-9009-4059-A2AD-2BC0FBE1733B}.Release|Any CPU.Build.0 = Release|Any CPU
		{CA983E4A-5BA7-4A8D-8265-E60218E3C090}.Debug|Any CPU.ActiveCfg = Debug|Any CPU
		{CA983E4A-5BA7-4A8D-8265-E60218E3C090}.Debug|Any CPU.Build.0 = Debug|Any CPU
		{CA983E4A-5BA7-4A8D-8265-E60218E3C090}.Release|Any CPU.ActiveCfg = Release|Any CPU
		{CA983E4A-5BA7-4A8D-8265-E60218E3C090}.Release|Any CPU.Build.0 = Release|Any CPU
		{574F1466-A416-4B44-9E7A-C06C279AC209}.Debug|Any CPU.ActiveCfg = Debug|Any CPU
		{574F1466-A416-4B44-9E7A-C06C279AC209}.Debug|Any CPU.Build.0 = Debug|Any CPU
		{574F1466-A416-4B44-9E7A-C06C279AC209}.Release|Any CPU.ActiveCfg = Release|Any CPU
		{574F1466-A416-4B44-9E7A-C06C279AC209}.Release|Any CPU.Build.0 = Release|Any CPU
		{0C35063F-0471-461E-9EB3-EF0AF00EEB39}.Debug|Any CPU.ActiveCfg = Debug|Any CPU
		{0C35063F-0471-461E-9EB3-EF0AF00EEB39}.Debug|Any CPU.Build.0 = Debug|Any CPU
		{0C35063F-0471-461E-9EB3-EF0AF00EEB39}.Release|Any CPU.ActiveCfg = Release|Any CPU
		{0C35063F-0471-461E-9EB3-EF0AF00EEB39}.Release|Any CPU.Build.0 = Release|Any CPU
		{8C429635-E7AF-4BA3-ABBE-088DC8D8B13D}.Debug|Any CPU.ActiveCfg = Debug|Any CPU
		{8C429635-E7AF-4BA3-ABBE-088DC8D8B13D}.Debug|Any CPU.Build.0 = Debug|Any CPU
		{8C429635-E7AF-4BA3-ABBE-088DC8D8B13D}.Release|Any CPU.ActiveCfg = Release|Any CPU
		{8C429635-E7AF-4BA3-ABBE-088DC8D8B13D}.Release|Any CPU.Build.0 = Release|Any CPU
		{D48AD927-30E4-4645-84EF-9A3FF1FCDD81}.Debug|Any CPU.ActiveCfg = Debug|Any CPU
		{D48AD927-30E4-4645-84EF-9A3FF1FCDD81}.Debug|Any CPU.Build.0 = Debug|Any CPU
		{D48AD927-30E4-4645-84EF-9A3FF1FCDD81}.Release|Any CPU.ActiveCfg = Release|Any CPU
		{D48AD927-30E4-4645-84EF-9A3FF1FCDD81}.Release|Any CPU.Build.0 = Release|Any CPU
		{286E6347-B876-4B85-8F8D-9C373992C461}.Debug|Any CPU.ActiveCfg = Debug|Any CPU
		{286E6347-B876-4B85-8F8D-9C373992C461}.Debug|Any CPU.Build.0 = Debug|Any CPU
		{286E6347-B876-4B85-8F8D-9C373992C461}.Release|Any CPU.ActiveCfg = Release|Any CPU
		{286E6347-B876-4B85-8F8D-9C373992C461}.Release|Any CPU.Build.0 = Release|Any CPU
		{747C04C7-D712-443C-8EA1-F0AFAED2BD36}.Debug|Any CPU.ActiveCfg = Debug|Any CPU
		{747C04C7-D712-443C-8EA1-F0AFAED2BD36}.Debug|Any CPU.Build.0 = Debug|Any CPU
		{747C04C7-D712-443C-8EA1-F0AFAED2BD36}.Release|Any CPU.ActiveCfg = Release|Any CPU
		{747C04C7-D712-443C-8EA1-F0AFAED2BD36}.Release|Any CPU.Build.0 = Release|Any CPU
		{16B6420A-E435-4065-B2AB-C8B50CC233B1}.Debug|Any CPU.ActiveCfg = Debug|Any CPU
		{16B6420A-E435-4065-B2AB-C8B50CC233B1}.Debug|Any CPU.Build.0 = Debug|Any CPU
		{16B6420A-E435-4065-B2AB-C8B50CC233B1}.Release|Any CPU.ActiveCfg = Release|Any CPU
		{16B6420A-E435-4065-B2AB-C8B50CC233B1}.Release|Any CPU.Build.0 = Release|Any CPU
		{54A741C7-74BC-45CC-9B98-8B5E8E8A5F32}.Debug|Any CPU.ActiveCfg = Debug|Any CPU
		{54A741C7-74BC-45CC-9B98-8B5E8E8A5F32}.Debug|Any CPU.Build.0 = Debug|Any CPU
		{54A741C7-74BC-45CC-9B98-8B5E8E8A5F32}.Release|Any CPU.ActiveCfg = Release|Any CPU
		{54A741C7-74BC-45CC-9B98-8B5E8E8A5F32}.Release|Any CPU.Build.0 = Release|Any CPU
		{456960D7-19DC-40B7-83F3-AE72B9C19DC0}.Debug|Any CPU.ActiveCfg = Debug|Any CPU
		{456960D7-19DC-40B7-83F3-AE72B9C19DC0}.Debug|Any CPU.Build.0 = Debug|Any CPU
		{456960D7-19DC-40B7-83F3-AE72B9C19DC0}.Release|Any CPU.ActiveCfg = Release|Any CPU
		{456960D7-19DC-40B7-83F3-AE72B9C19DC0}.Release|Any CPU.Build.0 = Release|Any CPU
		{8CFCADE1-2178-47A0-8CB3-A90A4738F9A3}.Debug|Any CPU.ActiveCfg = Debug|Any CPU
		{8CFCADE1-2178-47A0-8CB3-A90A4738F9A3}.Debug|Any CPU.Build.0 = Debug|Any CPU
		{8CFCADE1-2178-47A0-8CB3-A90A4738F9A3}.Release|Any CPU.ActiveCfg = Release|Any CPU
		{8CFCADE1-2178-47A0-8CB3-A90A4738F9A3}.Release|Any CPU.Build.0 = Release|Any CPU
		{651AF767-33F9-420A-9341-06704A062737}.Debug|Any CPU.ActiveCfg = Debug|Any CPU
		{651AF767-33F9-420A-9341-06704A062737}.Debug|Any CPU.Build.0 = Debug|Any CPU
		{651AF767-33F9-420A-9341-06704A062737}.Release|Any CPU.ActiveCfg = Release|Any CPU
		{651AF767-33F9-420A-9341-06704A062737}.Release|Any CPU.Build.0 = Release|Any CPU
		{504FAF28-D842-4E95-9C9F-60F266CAD1BC}.Debug|Any CPU.ActiveCfg = Debug|Any CPU
		{504FAF28-D842-4E95-9C9F-60F266CAD1BC}.Debug|Any CPU.Build.0 = Debug|Any CPU
		{504FAF28-D842-4E95-9C9F-60F266CAD1BC}.Release|Any CPU.ActiveCfg = Release|Any CPU
		{504FAF28-D842-4E95-9C9F-60F266CAD1BC}.Release|Any CPU.Build.0 = Release|Any CPU
		{E445AA9C-BFC2-4B65-9F51-BFE0E3A1B7E3}.Debug|Any CPU.ActiveCfg = Debug|Any CPU
		{E445AA9C-BFC2-4B65-9F51-BFE0E3A1B7E3}.Debug|Any CPU.Build.0 = Debug|Any CPU
		{E445AA9C-BFC2-4B65-9F51-BFE0E3A1B7E3}.Release|Any CPU.ActiveCfg = Release|Any CPU
		{E445AA9C-BFC2-4B65-9F51-BFE0E3A1B7E3}.Release|Any CPU.Build.0 = Release|Any CPU
		{30748C23-CF2B-4E05-9D43-1EACD2183FBD}.Debug|Any CPU.ActiveCfg = Debug|Any CPU
		{30748C23-CF2B-4E05-9D43-1EACD2183FBD}.Debug|Any CPU.Build.0 = Debug|Any CPU
		{30748C23-CF2B-4E05-9D43-1EACD2183FBD}.Release|Any CPU.ActiveCfg = Release|Any CPU
		{30748C23-CF2B-4E05-9D43-1EACD2183FBD}.Release|Any CPU.Build.0 = Release|Any CPU
		{654E15A7-372E-4A44-B0BE-DDDA10F100C9}.Debug|Any CPU.ActiveCfg = Debug|Any CPU
		{654E15A7-372E-4A44-B0BE-DDDA10F100C9}.Debug|Any CPU.Build.0 = Debug|Any CPU
		{654E15A7-372E-4A44-B0BE-DDDA10F100C9}.Release|Any CPU.ActiveCfg = Release|Any CPU
		{654E15A7-372E-4A44-B0BE-DDDA10F100C9}.Release|Any CPU.Build.0 = Release|Any CPU
		{B82FA5E2-8A74-45FC-A2D8-1F9C9BCE1290}.Debug|Any CPU.ActiveCfg = Debug|Any CPU
		{B82FA5E2-8A74-45FC-A2D8-1F9C9BCE1290}.Debug|Any CPU.Build.0 = Debug|Any CPU
		{B82FA5E2-8A74-45FC-A2D8-1F9C9BCE1290}.Release|Any CPU.ActiveCfg = Release|Any CPU
		{B82FA5E2-8A74-45FC-A2D8-1F9C9BCE1290}.Release|Any CPU.Build.0 = Release|Any CPU
		{BB3BBAE1-36AC-440B-895B-84F540F22E8C}.Debug|Any CPU.ActiveCfg = Debug|Any CPU
		{BB3BBAE1-36AC-440B-895B-84F540F22E8C}.Debug|Any CPU.Build.0 = Debug|Any CPU
		{BB3BBAE1-36AC-440B-895B-84F540F22E8C}.Release|Any CPU.ActiveCfg = Release|Any CPU
		{BB3BBAE1-36AC-440B-895B-84F540F22E8C}.Release|Any CPU.Build.0 = Release|Any CPU
		{280CCC00-3609-44C1-92A9-F1478A0B5034}.Debug|Any CPU.ActiveCfg = Debug|Any CPU
		{280CCC00-3609-44C1-92A9-F1478A0B5034}.Debug|Any CPU.Build.0 = Debug|Any CPU
		{280CCC00-3609-44C1-92A9-F1478A0B5034}.Release|Any CPU.ActiveCfg = Release|Any CPU
		{280CCC00-3609-44C1-92A9-F1478A0B5034}.Release|Any CPU.Build.0 = Release|Any CPU
		{FF09B93C-7B9D-4B9A-8C57-70C2E679E6D5}.Debug|Any CPU.ActiveCfg = Debug|Any CPU
		{FF09B93C-7B9D-4B9A-8C57-70C2E679E6D5}.Debug|Any CPU.Build.0 = Debug|Any CPU
		{FF09B93C-7B9D-4B9A-8C57-70C2E679E6D5}.Release|Any CPU.ActiveCfg = Release|Any CPU
		{FF09B93C-7B9D-4B9A-8C57-70C2E679E6D5}.Release|Any CPU.Build.0 = Release|Any CPU
		{3C7D1A42-7164-4C8B-B440-A3783278FCB5}.Debug|Any CPU.ActiveCfg = Debug|Any CPU
		{3C7D1A42-7164-4C8B-B440-A3783278FCB5}.Debug|Any CPU.Build.0 = Debug|Any CPU
		{3C7D1A42-7164-4C8B-B440-A3783278FCB5}.Release|Any CPU.ActiveCfg = Release|Any CPU
		{3C7D1A42-7164-4C8B-B440-A3783278FCB5}.Release|Any CPU.Build.0 = Release|Any CPU
		{E6380769-D45B-4011-BD93-3085302419B6}.Debug|Any CPU.ActiveCfg = Debug|Any CPU
		{E6380769-D45B-4011-BD93-3085302419B6}.Debug|Any CPU.Build.0 = Debug|Any CPU
		{E6380769-D45B-4011-BD93-3085302419B6}.Release|Any CPU.ActiveCfg = Release|Any CPU
		{E6380769-D45B-4011-BD93-3085302419B6}.Release|Any CPU.Build.0 = Release|Any CPU
		{A2BE1C3D-BB93-4BC5-96AE-9A7E593EA33F}.Debug|Any CPU.ActiveCfg = Debug|Any CPU
		{A2BE1C3D-BB93-4BC5-96AE-9A7E593EA33F}.Debug|Any CPU.Build.0 = Debug|Any CPU
		{A2BE1C3D-BB93-4BC5-96AE-9A7E593EA33F}.Release|Any CPU.ActiveCfg = Release|Any CPU
		{A2BE1C3D-BB93-4BC5-96AE-9A7E593EA33F}.Release|Any CPU.Build.0 = Release|Any CPU
		{38412EFE-5176-4FBC-A2B5-2401C5E5C3A4}.Debug|Any CPU.ActiveCfg = Debug|Any CPU
		{38412EFE-5176-4FBC-A2B5-2401C5E5C3A4}.Debug|Any CPU.Build.0 = Debug|Any CPU
		{38412EFE-5176-4FBC-A2B5-2401C5E5C3A4}.Release|Any CPU.ActiveCfg = Release|Any CPU
		{38412EFE-5176-4FBC-A2B5-2401C5E5C3A4}.Release|Any CPU.Build.0 = Release|Any CPU
		{AEE34A8C-F757-43FD-9444-AD92C62F0F47}.Debug|Any CPU.ActiveCfg = Debug|Any CPU
		{AEE34A8C-F757-43FD-9444-AD92C62F0F47}.Debug|Any CPU.Build.0 = Debug|Any CPU
		{AEE34A8C-F757-43FD-9444-AD92C62F0F47}.Release|Any CPU.ActiveCfg = Release|Any CPU
		{AEE34A8C-F757-43FD-9444-AD92C62F0F47}.Release|Any CPU.Build.0 = Release|Any CPU
		{8A6CD762-9747-41E0-A8A5-93DCD65B4280}.Debug|Any CPU.ActiveCfg = Debug|Any CPU
		{8A6CD762-9747-41E0-A8A5-93DCD65B4280}.Debug|Any CPU.Build.0 = Debug|Any CPU
		{8A6CD762-9747-41E0-A8A5-93DCD65B4280}.Release|Any CPU.ActiveCfg = Release|Any CPU
		{8A6CD762-9747-41E0-A8A5-93DCD65B4280}.Release|Any CPU.Build.0 = Release|Any CPU
		{6827AF44-AAF4-47DE-9098-1313EDC4F626}.Debug|Any CPU.ActiveCfg = Debug|Any CPU
		{6827AF44-AAF4-47DE-9098-1313EDC4F626}.Debug|Any CPU.Build.0 = Debug|Any CPU
		{6827AF44-AAF4-47DE-9098-1313EDC4F626}.Release|Any CPU.ActiveCfg = Release|Any CPU
		{6827AF44-AAF4-47DE-9098-1313EDC4F626}.Release|Any CPU.Build.0 = Release|Any CPU
		{435217BA-D5D8-434C-88E3-350731BB2411}.Debug|Any CPU.ActiveCfg = Debug|Any CPU
		{435217BA-D5D8-434C-88E3-350731BB2411}.Debug|Any CPU.Build.0 = Debug|Any CPU
		{435217BA-D5D8-434C-88E3-350731BB2411}.Release|Any CPU.ActiveCfg = Release|Any CPU
		{435217BA-D5D8-434C-88E3-350731BB2411}.Release|Any CPU.Build.0 = Release|Any CPU
		{DC22EA9C-2CD0-44AF-9D38-C12C5235EA9F}.Debug|Any CPU.ActiveCfg = Debug|Any CPU
		{DC22EA9C-2CD0-44AF-9D38-C12C5235EA9F}.Debug|Any CPU.Build.0 = Debug|Any CPU
		{DC22EA9C-2CD0-44AF-9D38-C12C5235EA9F}.Release|Any CPU.ActiveCfg = Release|Any CPU
		{DC22EA9C-2CD0-44AF-9D38-C12C5235EA9F}.Release|Any CPU.Build.0 = Release|Any CPU
		{09A18DD1-9BD1-4DB8-93C0-378755518764}.Debug|Any CPU.ActiveCfg = Debug|Any CPU
		{09A18DD1-9BD1-4DB8-93C0-378755518764}.Debug|Any CPU.Build.0 = Debug|Any CPU
		{09A18DD1-9BD1-4DB8-93C0-378755518764}.Release|Any CPU.ActiveCfg = Release|Any CPU
		{09A18DD1-9BD1-4DB8-93C0-378755518764}.Release|Any CPU.Build.0 = Release|Any CPU
		{6EC1F8B6-0AA2-482B-B006-6AA2DE0EACCE}.Debug|Any CPU.ActiveCfg = Debug|Any CPU
		{6EC1F8B6-0AA2-482B-B006-6AA2DE0EACCE}.Debug|Any CPU.Build.0 = Debug|Any CPU
		{6EC1F8B6-0AA2-482B-B006-6AA2DE0EACCE}.Release|Any CPU.ActiveCfg = Release|Any CPU
		{6EC1F8B6-0AA2-482B-B006-6AA2DE0EACCE}.Release|Any CPU.Build.0 = Release|Any CPU
		{354727CC-A091-49E8-98F5-0455C979F6B2}.Debug|Any CPU.ActiveCfg = Debug|Any CPU
		{354727CC-A091-49E8-98F5-0455C979F6B2}.Debug|Any CPU.Build.0 = Debug|Any CPU
		{354727CC-A091-49E8-98F5-0455C979F6B2}.Release|Any CPU.ActiveCfg = Release|Any CPU
		{354727CC-A091-49E8-98F5-0455C979F6B2}.Release|Any CPU.Build.0 = Release|Any CPU
		{111DC790-CEF5-477B-BDFE-A97577AE8B76}.Debug|Any CPU.ActiveCfg = Debug|Any CPU
		{111DC790-CEF5-477B-BDFE-A97577AE8B76}.Debug|Any CPU.Build.0 = Debug|Any CPU
		{111DC790-CEF5-477B-BDFE-A97577AE8B76}.Release|Any CPU.ActiveCfg = Release|Any CPU
		{111DC790-CEF5-477B-BDFE-A97577AE8B76}.Release|Any CPU.Build.0 = Release|Any CPU
		{9E741D3F-159D-4D08-A5C5-063E081E4444}.Debug|Any CPU.ActiveCfg = Debug|Any CPU
		{9E741D3F-159D-4D08-A5C5-063E081E4444}.Debug|Any CPU.Build.0 = Debug|Any CPU
		{9E741D3F-159D-4D08-A5C5-063E081E4444}.Release|Any CPU.ActiveCfg = Release|Any CPU
		{9E741D3F-159D-4D08-A5C5-063E081E4444}.Release|Any CPU.Build.0 = Release|Any CPU
		{37FC730B-BA3D-4BF5-B29F-4D5E504D48FA}.Debug|Any CPU.ActiveCfg = Debug|Any CPU
		{37FC730B-BA3D-4BF5-B29F-4D5E504D48FA}.Debug|Any CPU.Build.0 = Debug|Any CPU
		{37FC730B-BA3D-4BF5-B29F-4D5E504D48FA}.Release|Any CPU.ActiveCfg = Release|Any CPU
		{37FC730B-BA3D-4BF5-B29F-4D5E504D48FA}.Release|Any CPU.Build.0 = Release|Any CPU
		{36600F2B-2C90-4900-8A4D-4FF2AC614407}.Debug|Any CPU.ActiveCfg = Debug|Any CPU
		{36600F2B-2C90-4900-8A4D-4FF2AC614407}.Debug|Any CPU.Build.0 = Debug|Any CPU
		{36600F2B-2C90-4900-8A4D-4FF2AC614407}.Release|Any CPU.ActiveCfg = Release|Any CPU
		{36600F2B-2C90-4900-8A4D-4FF2AC614407}.Release|Any CPU.Build.0 = Release|Any CPU
		{D7633FF5-744F-48BC-9D39-5AAE3CDB4D0C}.Debug|Any CPU.ActiveCfg = Debug|Any CPU
		{D7633FF5-744F-48BC-9D39-5AAE3CDB4D0C}.Debug|Any CPU.Build.0 = Debug|Any CPU
		{D7633FF5-744F-48BC-9D39-5AAE3CDB4D0C}.Release|Any CPU.ActiveCfg = Release|Any CPU
		{D7633FF5-744F-48BC-9D39-5AAE3CDB4D0C}.Release|Any CPU.Build.0 = Release|Any CPU
	EndGlobalSection
	GlobalSection(SolutionProperties) = preSolution
		HideSolutionNode = FALSE
	EndGlobalSection
	GlobalSection(ExtensibilityGlobals) = postSolution
		SolutionGuid = {0D68EE0F-1871-4681-8200-A824DD98237C}
	EndGlobalSection
EndGlobal
